
Microsoft Visual Studio Solution File, Format Version 12.00
# Visual Studio Version 16
VisualStudioVersion = 16.0.31129.286
MinimumVisualStudioVersion = 10.0.40219.1
Project("{FAE04EC0-301F-11D3-BF4B-00C04F79EFBC}") = "RainbowSchool", "RainbowSchool\RainbowSchool.csproj", "{C15B8D50-9056-45AD-A96F-972DE279D144}"
EndProject
Project("{FAE04EC0-301F-11D3-BF4B-00C04F79EFBC}") = "DataLayer", "DataLayer\DataLayer.csproj", "{3D1E8AB9-C930-45EE-8D3F-708C0EEB76C6}"
EndProject
Project("{FAE04EC0-301F-11D3-BF4B-00C04F79EFBC}") = "Models", "Models\Models.csproj", "{73606986-B0BA-4DE6-962B-E507D16F3A66}"
EndProject
Global
	GlobalSection(SolutionConfigurationPlatforms) = preSolution
		Debug|Any CPU = Debug|Any CPU
		Release|Any CPU = Release|Any CPU
	EndGlobalSection
	GlobalSection(ProjectConfigurationPlatforms) = postSolution
		{C15B8D50-9056-45AD-A96F-972DE279D144}.Debug|Any CPU.ActiveCfg = Debug|Any CPU
		{C15B8D50-9056-45AD-A96F-972DE279D144}.Debug|Any CPU.Build.0 = Debug|Any CPU
		{C15B8D50-9056-45AD-A96F-972DE279D144}.Release|Any CPU.ActiveCfg = Release|Any CPU
		{C15B8D50-9056-45AD-A96F-972DE279D144}.Release|Any CPU.Build.0 = Release|Any CPU
		{3D1E8AB9-C930-45EE-8D3F-708C0EEB76C6}.Debug|Any CPU.ActiveCfg = Debug|Any CPU
		{3D1E8AB9-C930-45EE-8D3F-708C0EEB76C6}.Debug|Any CPU.Build.0 = Debug|Any CPU
		{3D1E8AB9-C930-45EE-8D3F-708C0EEB76C6}.Release|Any CPU.ActiveCfg = Release|Any CPU
		{3D1E8AB9-C930-45EE-8D3F-708C0EEB76C6}.Release|Any CPU.Build.0 = Release|Any CPU
		{73606986-B0BA-4DE6-962B-E507D16F3A66}.Debug|Any CPU.ActiveCfg = Debug|Any CPU
		{73606986-B0BA-4DE6-962B-E507D16F3A66}.Debug|Any CPU.Build.0 = Debug|Any CPU
		{73606986-B0BA-4DE6-962B-E507D16F3A66}.Release|Any CPU.ActiveCfg = Release|Any CPU
		{73606986-B0BA-4DE6-962B-E507D16F3A66}.Release|Any CPU.Build.0 = Release|Any CPU
	EndGlobalSection
	GlobalSection(SolutionProperties) = preSolution
		HideSolutionNode = FALSE
	EndGlobalSection
	GlobalSection(ExtensibilityGlobals) = postSolution
		SolutionGuid = {37E857A8-8907-4930-8810-8171AD11CC8C}
	EndGlobalSection
EndGlobal
